github.com/go-zoox/chalk v1.0.1 h1:9s4i74InfcBosCexWixz3eh6DdBkl3McIcLkTI1HjTo=
github.com/go-zoox/chalk v1.0.1/go.mod h1:z5+qvE9nEJI5uT4px2tyoFa/xxkqf3CUo22KmXLKbNI=
github.com/go-zoox/datetime v1.1.0 h1:L37HNXrlAjTJuEvNytqoUEs0QZ2CpglM3mqfbqxA+Hg=
github.com/go-zoox/datetime v1.1.0/go.mod h1:os6lYW/GXNpCIseFrBr8DNcOiPuwl5Ttc/kxo4JnMjw=
github.com/go-zoox/logger v1.2.2 h1:TBHSA603gfujyGPcMFtf5plZUg5UwEvNJUihLwP4HQA=
github.com/go-zoox/logger v1.2.2/go.mod h1:o7ddvv/gMoMa0TomPhHoIz11ZWRbQ92pF6rwYbOY3iQ=
golang.org/x/net v0.1.0 h1:hZ/3BUoy5aId7sCpA/Tc5lt8DkFgdVS2onTpJsZ/fl0=
golang.org/x/net v0.1.0/go.mod h1:Cx3nUiGt4eDBEyega/BKRp+/AlGL8hYe7U9odMt2Cco=
